
Microsoft Visual Studio Solution File, Format Version 12.00
# Visual Studio Version 17
VisualStudioVersion = 17.9.34607.119
MinimumVisualStudioVersion = 10.0.40219.1
Project("{FAE04EC0-301F-11D3-BF4B-00C04F79EFBC}") = "GormeEngelliUygulama.Android", "GormeEngelliUygulama.Android\GormeEngelliUygulama.Android.csproj", "{B0516F2B-AC5C-44AA-BCA6-BE1C0985D667}"
EndProject
Project("{FAE04EC0-301F-11D3-BF4B-00C04F79EFBC}") = "GormeEngelliUygulama", "GormeEngelliUygulama\GormeEngelliUygulama.csproj", "{48E4FB2F-6E2E-4F4E-AF8D-47263520281E}"
EndProject
Global
	GlobalSection(SolutionConfigurationPlatforms) = preSolution
		Debug|Any CPU = Debug|Any CPU
		Release|Any CPU = Release|Any CPU
	EndGlobalSection
	GlobalSection(ProjectConfigurationPlatforms) = postSolution
		{B0516F2B-AC5C-44AA-BCA6-BE1C0985D667}.Debug|Any CPU.ActiveCfg = Debug|Any CPU
		{B0516F2B-AC5C-44AA-BCA6-BE1C0985D667}.Debug|Any CPU.Build.0 = Debug|Any CPU
		{B0516F2B-AC5C-44AA-BCA6-BE1C0985D667}.Debug|Any CPU.Deploy.0 = Debug|Any CPU
		{B0516F2B-AC5C-44AA-BCA6-BE1C0985D667}.Release|Any CPU.ActiveCfg = Release|Any CPU
		{B0516F2B-AC5C-44AA-BCA6-BE1C0985D667}.Release|Any CPU.Build.0 = Release|Any CPU
		{B0516F2B-AC5C-44AA-BCA6-BE1C0985D667}.Release|Any CPU.Deploy.0 = Release|Any CPU
		{48E4FB2F-6E2E-4F4E-AF8D-47263520281E}.Debug|Any CPU.ActiveCfg = Debug|Any CPU
		{48E4FB2F-6E2E-4F4E-AF8D-47263520281E}.Debug|Any CPU.Build.0 = Debug|Any CPU
		{48E4FB2F-6E2E-4F4E-AF8D-47263520281E}.Debug|Any CPU.Deploy.0 = Debug|Any CPU
		{48E4FB2F-6E2E-4F4E-AF8D-47263520281E}.Release|Any CPU.ActiveCfg = Release|Any CPU
		{48E4FB2F-6E2E-4F4E-AF8D-47263520281E}.Release|Any CPU.Build.0 = Release|Any CPU
		{48E4FB2F-6E2E-4F4E-AF8D-47263520281E}.Release|Any CPU.Deploy.0 = Release|Any CPU
	EndGlobalSection
	GlobalSection(SolutionProperties) = preSolution
		HideSolutionNode = FALSE
	EndGlobalSection
	GlobalSection(ExtensibilityGlobals) = postSolution
		SolutionGuid = {06BF7032-6149-4AAE-A789-FD9882B7CE34}
	EndGlobalSection
EndGlobal
